// !$*UTF8*$!
{
	archiveVersion = 1;
	classes = {
	};
	objectVersion = 46;
	objects = {

/* Begin PBXBuildFile section */
		806262B31F73C0480003383C /* AppDelegate.swift in Sources */ = {isa = PBXBuildFile; fileRef = 806262B21F73C0480003383C /* AppDelegate.swift */; };
		806262B51F73C0480003383C /* ViewController.swift in Sources */ = {isa = PBXBuildFile; fileRef = 806262B41F73C0480003383C /* ViewController.swift */; };
		806262B81F73C0480003383C /* Main.storyboard in Resources */ = {isa = PBXBuildFile; fileRef = 806262B61F73C0480003383C /* Main.storyboard */; };
		806262BA1F73C0480003383C /* Assets.xcassets in Resources */ = {isa = PBXBuildFile; fileRef = 806262B91F73C0480003383C /* Assets.xcassets */; };
		806262BD1F73C0480003383C /* LaunchScreen.storyboard in Resources */ = {isa = PBXBuildFile; fileRef = 806262BB1F73C0480003383C /* LaunchScreen.storyboard */; };
		806262C81F73C0480003383C /* AssignmentTests.swift in Sources */ = {isa = PBXBuildFile; fileRef = 806262C71F73C0480003383C /* AssignmentTests.swift */; };
/* End PBXBuildFile section */

/* Begin PBXContainerItemProxy section */
		806262C41F73C0480003383C /* PBXContainerItemProxy */ = {
			isa = PBXContainerItemProxy;
			containerPortal = 806262A71F73C0480003383C /* Project object */;
			proxyType = 1;
			remoteGlobalIDString = 806262AE1F73C0480003383C;
			remoteInfo = Assignment;
		};
/* End PBXContainerItemProxy section */

/* Begin PBXFileReference section */
		806262AF1F73C0480003383C /* Assignment.app */ = {isa = PBXFileReference; explicitFileType = wrapper.application; includeInIndex = 0; path = Assignment.app; sourceTree = BUILT_PRODUCTS_DIR; };
		806262B21F73C0480003383C /* AppDelegate.swift */ = {isa = PBXFileReference; lastKnownFileType = sourcecode.swift; path = AppDelegate.swift; sourceTree = "<group>"; };
		806262B41F73C0480003383C /* ViewController.swift */ = {isa = PBXFileReference; lastKnownFileType = sourcecode.swift; path = ViewController.swift; sourceTree = "<group>"; };
		806262B71F73C0480003383C /* Base */ = {isa = PBXFileReference; lastKnownFileType = file.storyboard; name = Base; path = Base.lproj/Main.storyboard; sourceTree = "<group>"; };
		806262B91F73C0480003383C /* Assets.xcassets */ = {isa = PBXFileReference; lastKnownFileType = folder.assetcatalog; path = Assets.xcassets; sourceTree = "<group>"; };
		806262BC1F73C0480003383C /* Base */ = {isa = PBXFileReference; lastKnownFileType = file.storyboard; name = Base; path = Base.lproj/LaunchScreen.storyboard; sourceTree = "<group>"; };
		806262BE1F73C0480003383C /* Info.plist */ = {isa = PBXFileReference; lastKnownFileType = text.plist.xml; path = Info.plist; sourceTree = "<group>"; };
		806262C31F73C0480003383C /* AssignmentTests.xctest */ = {isa = PBXFileReference; explicitFileType = wrapper.cfbundle; includeInIndex = 0; path = AssignmentTests.xctest; sourceTree = BUILT_PRODUCTS_DIR; };
		806262C71F73C0480003383C /* AssignmentTests.swift */ = {isa = PBXFileReference; lastKnownFileType = sourcecode.swift; path = AssignmentTests.swift; sourceTree = "<group>"; };
		806262C91F73C0480003383C /* Info.plist */ = {isa = PBXFileReference; lastKnownFileType = text.plist.xml; path = Info.plist; sourceTree = "<group>"; };
/* End PBXFileReference section */

/* Begin PBXFrameworksBuildPhase section */
		806262AC1F73C0480003383C /* Frameworks */ = {
			isa = PBXFrameworksBuildPhase;
			buildActionMask = 2147483647;
			files = (
			);
			runOnlyForDeploymentPostprocessing = 0;
		};
		806262C01F73C0480003383C /* Frameworks */ = {
			isa = PBXFrameworksBuildPhase;
			buildActionMask = 2147483647;
			files = (
			);
			runOnlyForDeploymentPostprocessing = 0;
		};
/* End PBXFrameworksBuildPhase section */

/* Begin PBXGroup section */
		806262A61F73C0480003383C = {
			isa = PBXGroup;
			children = (
				806262B11F73C0480003383C /* Assignment */,
				806262C61F73C0480003383C /* AssignmentTests */,
				806262B01F73C0480003383C /* Products */,
			);
			sourceTree = "<group>";
		};
		806262B01F73C0480003383C /* Products */ = {
			isa = PBXGroup;
			children = (
				806262AF1F73C0480003383C /* Assignment.app */,
				806262C31F73C0480003383C /* AssignmentTests.xctest */,
			);
			name = Products;
			sourceTree = "<group>";
		};
		806262B11F73C0480003383C /* Assignment */ = {
			isa = PBXGroup;
			children = (
				806262B21F73C0480003383C /* AppDelegate.swift */,
				806262B41F73C0480003383C /* ViewController.swift */,
				806262B61F73C0480003383C /* Main.storyboard */,
				806262B91F73C0480003383C /* Assets.xcassets */,
				806262BB1F73C0480003383C /* LaunchScreen.storyboard */,
				806262BE1F73C0480003383C /* Info.plist */,
			);
			path = Assignment;
			sourceTree = "<group>";
		};
		806262C61F73C0480003383C /* AssignmentTests */ = {
			isa = PBXGroup;
			children = (
				806262C71F73C0480003383C /* AssignmentTests.swift */,
				806262C91F73C0480003383C /* Info.plist */,
			);
			path = AssignmentTests;
			sourceTree = "<group>";
		};
/* End PBXGroup section */

/* Begin PBXNativeTarget section */
		806262AE1F73C0480003383C /* Assignment */ = {
			isa = PBXNativeTarget;
			buildConfigurationList = 806262CC1F73C0480003383C /* Build configuration list for PBXNativeTarget "Assignment" */;
			buildPhases = (
				806262AB1F73C0480003383C /* Sources */,
				806262AC1F73C0480003383C /* Frameworks */,
				806262AD1F73C0480003383C /* Resources */,
			);
			buildRules = (
			);
			dependencies = (
			);
			name = Assignment;
			productName = Assignment;
			productReference = 806262AF1F73C0480003383C /* Assignment.app */;
			productType = "com.apple.product-type.application";
		};
		806262C21F73C0480003383C /* AssignmentTests */ = {
			isa = PBXNativeTarget;
			buildConfigurationList = 806262CF1F73C0480003383C /* Build configuration list for PBXNativeTarget "AssignmentTests" */;
			buildPhases = (
				806262BF1F73C0480003383C /* Sources */,
				806262C01F73C0480003383C /* Frameworks */,
				806262C11F73C0480003383C /* Resources */,
			);
			buildRules = (
			);
			dependencies = (
				806262C51F73C0480003383C /* PBXTargetDependency */,
			);
			name = AssignmentTests;
			productName = AssignmentTests;
			productReference = 806262C31F73C0480003383C /* AssignmentTests.xctest */;
			productType = "com.apple.product-type.bundle.unit-test";
		};
/* End PBXNativeTarget section */

/* Begin PBXProject section */
		806262A71F73C0480003383C /* Project object */ = {
			isa = PBXProject;
			attributes = {
				LastSwiftUpdateCheck = 0830;
				LastUpgradeCheck = 0830;
				ORGANIZATIONNAME = "Codebox Solutions Ltd";
				TargetAttributes = {
					806262AE1F73C0480003383C = {
						CreatedOnToolsVersion = 8.3.2;
						DevelopmentTeam = 8TK9VYVSNP;
						ProvisioningStyle = Automatic;
					};
					806262C21F73C0480003383C = {
						CreatedOnToolsVersion = 8.3.2;
						DevelopmentTeam = 8TK9VYVSNP;
						ProvisioningStyle = Automatic;
						TestTargetID = 806262AE1F73C0480003383C;
					};
				};
			};
			buildConfigurationList = 806262AA1F73C0480003383C /* Build configuration list for PBXProject "Assignment" */;
			compatibilityVersion = "Xcode 3.2";
			developmentRegion = English;
			hasScannedForEncodings = 0;
			knownRegions = (
				en,
				Base,
			);
			mainGroup = 806262A61F73C0480003383C;
			productRefGroup = 806262B01F73C0480003383C /* Products */;
			projectDirPath = "";
			projectRoot = "";
			targets = (
				806262AE1F73C0480003383C /* Assignment */,
				806262C21F73C0480003383C /* AssignmentTests */,
			);
		};
/* End PBXProject section */

/* Begin PBXResourcesBuildPhase section */
		806262AD1F73C0480003383C /* Resources */ = {
			isa = PBXResourcesBuildPhase;
			buildActionMask = 2147483647;
			files = (
				806262BD1F73C0480003383C /* LaunchScreen.storyboard in Resources */,
				806262BA1F73C0480003383C /* Assets.xcassets in Resources */,
				806262B81F73C0480003383C /* Main.storyboard in Resources */,
			);
			runOnlyForDeploymentPostprocessing = 0;
		};
		806262C11F73C0480003383C /* Resources */ = {
			isa = PBXResourcesBuildPhase;
			buildActionMask = 2147483647;
			files = (
			);
			runOnlyForDeploymentPostprocessing = 0;
		};
/* End PBXResourcesBuildPhase section */

/* Begin PBXSourcesBuildPhase section */
		806262AB1F73C0480003383C /* Sources */ = {
			isa = PBXSourcesBuildPhase;
			buildActionMask = 2147483647;
			files = (
				806262B51F73C0480003383C /* ViewController.swift in Sources */,
				806262B31F73C0480003383C /* AppDelegate.swift in Sources */,
			);
			runOnlyForDeploymentPostprocessing = 0;
		};
		806262BF1F73C0480003383C /* Sources */ = {
			isa = PBXSourcesBuildPhase;
			buildActionMask = 2147483647;
			files = (
				806262C81F73C0480003383C /* AssignmentTests.swift in Sources */,
			);
			runOnlyForDeploymentPostprocessing = 0;
		};
/* End PBXSourcesBuildPhase section */

/* Begin PBXTargetDependency section */
		806262C51F73C0480003383C /* PBXTargetDependency */ = {
			isa = PBXTargetDependency;
			target = 806262AE1F73C0480003383C /* Assignment */;
			targetProxy = 806262C41F73C0480003383C /* PBXContainerItemProxy */;
		};
/* End PBXTargetDependency section */

/* Begin PBXVariantGroup section */
		806262B61F73C0480003383C /* Main.storyboard */ = {
			isa = PBXVariantGroup;
			children = (
				806262B71F73C0480003383C /* Base */,
			);
			name = Main.storyboard;
			sourceTree = "<group>";
		};
		806262BB1F73C0480003383C /* LaunchScreen.storyboard */ = {
			isa = PBXVariantGroup;
			children = (
				806262BC1F73C0480003383C /* Base */,
			);
			name = LaunchScreen.storyboard;
			sourceTree = "<group>";
		};
/* End PBXVariantGroup section */

/* Begin XCBuildConfiguration section */
		806262CA1F73C0480003383C /* Debug */ = {
			isa = XCBuildConfiguration;
			buildSettings = {
				ALWAYS_SEARCH_USER_PATHS = NO;
				CLANG_ANALYZER_NONNULL = YES;
				CLANG_ANALYZER_NUMBER_OBJECT_CONVERSION = YES_AGGRESSIVE;
				CLANG_CXX_LANGUAGE_STANDARD = "gnu++0x";
				CLANG_CXX_LIBRARY = "libc++";
				CLANG_ENABLE_MODULES = YES;
				CLANG_ENABLE_OBJC_ARC = YES;
				CLANG_WARN_BOOL_CONVERSION = YES;
				CLANG_WARN_CONSTANT_CONVERSION = YES;
				CLANG_WARN_DIRECT_OBJC_ISA_USAGE = YES_ERROR;
				CLANG_WARN_DOCUMENTATION_COMMENTS = YES;
				CLANG_WARN_EMPTY_BODY = YES;
				CLANG_WARN_ENUM_CONVERSION = YES;
				CLANG_WARN_INFINITE_RECURSION = YES;
				CLANG_WARN_INT_CONVERSION = YES;
				CLANG_WARN_OBJC_ROOT_CLASS = YES_ERROR;
				CLANG_WARN_SUSPICIOUS_MOVE = YES;
				CLANG_WARN_UNREACHABLE_CODE = YES;
				CLANG_WARN__DUPLICATE_METHOD_MATCH = YES;
				"CODE_SIGN_IDENTITY[sdk=iphoneos*]" = "iPhone Developer";
				COPY_PHASE_STRIP = NO;
				DEBUG_INFORMATION_FORMAT = dwarf;
				ENABLE_STRICT_OBJC_MSGSEND = YES;
				ENABLE_TESTABILITY = YES;
				GCC_C_LANGUAGE_STANDARD = gnu99;
				GCC_DYNAMIC_NO_PIC = NO;
				GCC_NO_COMMON_BLOCKS = YES;
				GCC_OPTIMIZATION_LEVEL = 0;
				GCC_PREPROCESSOR_DEFINITIONS = (
					"DEBUG=1",
					"$(inherited)",
				);
				GCC_WARN_64_TO_32_BIT_CONVERSION = YES;
				GCC_WARN_ABOUT_RETURN_TYPE = YES_ERROR;
				GCC_WARN_UNDECLARED_SELECTOR = YES;
				GCC_WARN_UNINITIALIZED_AUTOS = YES_AGGRESSIVE;
				GCC_WARN_UNUSED_FUNCTION = YES;
				GCC_WARN_UNUSED_VARIABLE = YES;
				IPHONEOS_DEPLOYMENT_TARGET = 10.3;
				MTL_ENABLE_DEBUG_INFO = YES;
				ONLY_ACTIVE_ARCH = YES;
				SDKROOT = iphoneos;
				SWIFT_ACTIVE_COMPILATION_CONDITIONS = DEBUG;
				SWIFT_OPTIMIZATION_LEVEL = "-Onone";
				TARGETED_DEVICE_FAMILY = "1,2";
			};
			name = Debug;
		};
		806262CB1F73C0480003383C /* Release */ = {
			isa = XCBuildConfiguration;
			buildSettings = {
				ALWAYS_SEARCH_USER_PATHS = NO;
				CLANG_ANALYZER_NONNULL = YES;
				CLANG_ANALYZER_NUMBER_OBJECT_CONVERSION = YES_AGGRESSIVE;
				CLANG_CXX_LANGUAGE_STANDARD = "gnu++0x";
				CLANG_CXX_LIBRARY = "libc++";
				CLANG_ENABLE_MODULES = YES;
				CLANG_ENABLE_OBJC_ARC = YES;
				CLANG_WARN_BOOL_CONVERSION = YES;
				CLANG_WARN_CONSTANT_CONVERSION = YES;
				CLANG_WARN_DIRECT_OBJC_ISA_USAGE = YES_ERROR;
				CLANG_WARN_DOCUMENTATION_COMMENTS = YES;
				CLANG_WARN_EMPTY_BODY = YES;
				CLANG_WARN_ENUM_CONVERSION = YES;
				CLANG_WARN_INFINITE_RECURSION = YES;
				CLANG_WARN_INT_CONVERSION = YES;
				CLANG_WARN_OBJC_ROOT_CLASS = YES_ERROR;
				CLANG_WARN_SUSPICIOUS_MOVE = YES;
				CLANG_WARN_UNREACHABLE_CODE = YES;
				CLANG_WARN__DUPLICATE_METHOD_MATCH = YES;
				"CODE_SIGN_IDENTITY[sdk=iphoneos*]" = "iPhone Developer";
				COPY_PHASE_STRIP = NO;
				DEBUG_INFORMATION_FORMAT = "dwarf-with-dsym";
				ENABLE_NS_ASSERTIONS = NO;
				ENABLE_STRICT_OBJC_MSGSEND = YES;
				GCC_C_LANGUAGE_STANDARD = gnu99;
				GCC_NO_COMMON_BLOCKS = YES;
				GCC_WARN_64_TO_32_BIT_CONVERSION = YES;
				GCC_WARN_ABOUT_RETURN_TYPE = YES_ERROR;
				GCC_WARN_UNDECLARED_SELECTOR = YES;
				GCC_WARN_UNINITIALIZED_AUTOS = YES_AGGRESSIVE;
				GCC_WARN_UNUSED_FUNCTION = YES;
				GCC_WARN_UNUSED_VARIABLE = YES;
				IPHONEOS_DEPLOYMENT_TARGET = 10.3;
				MTL_ENABLE_DEBUG_INFO = NO;
				SDKROOT = iphoneos;
				SWIFT_OPTIMIZATION_LEVEL = "-Owholemodule";
				TARGETED_DEVICE_FAMILY = "1,2";
				VALIDATE_PRODUCT = YES;
			};
			name = Release;
		};
		806262CD1F73C0480003383C /* Debug */ = {
			isa = XCBuildConfiguration;
			buildSettings = {
				ASSETCATALOG_COMPILER_APPICON_NAME = AppIcon;
				DEVELOPMENT_TEAM = 8TK9VYVSNP;
				INFOPLIST_FILE = Assignment/Info.plist;
				LD_RUNPATH_SEARCH_PATHS = "$(inherited) @executable_path/Frameworks";
				PRODUCT_BUNDLE_IDENTIFIER = com.codebox.Assignment;
				PRODUCT_NAME = "$(TARGET_NAME)";
				SWIFT_VERSION = 3.0;
			};
			name = Debug;
		};
		806262CE1F73C0480003383C /* Release */ = {
			isa = XCBuildConfiguration;
			buildSettings = {
				ASSETCATALOG_COMPILER_APPICON_NAME = AppIcon;
				DEVELOPMENT_TEAM = 8TK9VYVSNP;
				INFOPLIST_FILE = Assignment/Info.plist;
				LD_RUNPATH_SEARCH_PATHS = "$(inherited) @executable_path/Frameworks";
				PRODUCT_BUNDLE_IDENTIFIER = com.codebox.Assignment;
				PRODUCT_NAME = "$(TARGET_NAME)";
				SWIFT_VERSION = 3.0;
			};
			name = Release;
		};
		806262D01F73C0480003383C /* Debug */ = {
			isa = XCBuildConfiguration;
			buildSettings = {
				ALWAYS_EMBED_SWIFT_STANDARD_LIBRARIES = YES;
				BUNDLE_LOADER = "$(TEST_HOST)";
				DEVELOPMENT_TEAM = 8TK9VYVSNP;
				INFOPLIST_FILE = AssignmentTests/Info.plist;
				LD_RUNPATH_SEARCH_PATHS = "$(inherited) @executable_path/Frameworks @loader_path/Frameworks";
				PRODUCT_BUNDLE_IDENTIFIER = com.codebox.AssignmentTests;
				PRODUCT_NAME = "$(TARGET_NAME)";
				SWIFT_VERSION = 3.0;
				TEST_HOST = "$(BUILT_PRODUCTS_DIR)/Assignment.app/Assignment";
			};
			name = Debug;
		};
		806262D11F73C0480003383C /* Release */ = {
			isa = XCBuildConfiguration;
			buildSettings = {
				ALWAYS_EMBED_SWIFT_STANDARD_LIBRARIES = YES;
				BUNDLE_LOADER = "$(TEST_HOST)";
				DEVELOPMENT_TEAM = 8TK9VYVSNP;
				INFOPLIST_FILE = AssignmentTests/Info.plist;
				LD_RUNPATH_SEARCH_PATHS = "$(inherited) @executable_path/Frameworks @loader_path/Frameworks";
				PRODUCT_BUNDLE_IDENTIFIER = com.codebox.AssignmentTests;
				PRODUCT_NAME = "$(TARGET_NAME)";
				SWIFT_VERSION = 3.0;
				TEST_HOST = "$(BUILT_PRODUCTS_DIR)/Assignment.app/Assignment";
			};
			name = Release;
		};
/* End XCBuildConfiguration section */

/* Begin XCConfigurationList section */
		806262AA1F73C0480003383C /* Build configuration list for PBXProject "Assignment" */ = {
			isa = XCConfigurationList;
			buildConfigurations = (
				806262CA1F73C0480003383C /* Debug */,
				806262CB1F73C0480003383C /* Release */,
			);
			defaultConfigurationIsVisible = 0;
			defaultConfigurationName = Release;
		};
		806262CC1F73C0480003383C /* Build configuration list for PBXNativeTarget "Assignment" */ = {
			isa = XCConfigurationList;
			buildConfigurations = (
				806262CD1F73C0480003383C /* Debug */,
				806262CE1F73C0480003383C /* Release */,
			);
			defaultConfigurationIsVisible = 0;
		};
		806262CF1F73C0480003383C /* Build configuration list for PBXNativeTarget "AssignmentTests" */ = {
			isa = XCConfigurationList;
			buildConfigurations = (
				806262D01F73C0480003383C /* Debug */,
				806262D11F73C0480003383C /* Release */,
			);
			defaultConfigurationIsVisible = 0;
		};
/* End XCConfigurationList section */
	};
	rootObject = 806262A71F73C0480003383C /* Project object */;
}
